
Microsoft Visual Studio Solution File, Format Version 12.00
# Visual Studio Version 17
VisualStudioVersion = 17.6.33815.320
MinimumVisualStudioVersion = 10.0.40219.1
Project("{FAE04EC0-301F-11D3-BF4B-00C04F79EFBC}") = "CinemaProject.Web", "CinemaProject.Web\CinemaProject.Web.csproj", "{40ED313C-19B1-42A2-A3C0-4F047C8A49D4}"
EndProject
Project("{FAE04EC0-301F-11D3-BF4B-00C04F79EFBC}") = "CinemaProject.Domain", "CinemaProject.Domain\CinemaProject.Domain.csproj", "{24CFCAD4-B103-42F3-A318-5D2349756169}"
EndProject
Global
	GlobalSection(SolutionConfigurationPlatforms) = preSolution
		Debug|Any CPU = Debug|Any CPU
		Release|Any CPU = Release|Any CPU
	EndGlobalSection
	GlobalSection(ProjectConfigurationPlatforms) = postSolution
		{40ED313C-19B1-42A2-A3C0-4F047C8A49D4}.Debug|Any CPU.ActiveCfg = Debug|Any CPU
		{40ED313C-19B1-42A2-A3C0-4F047C8A49D4}.Debug|Any CPU.Build.0 = Debug|Any CPU
		{40ED313C-19B1-42A2-A3C0-4F047C8A49D4}.Release|Any CPU.ActiveCfg = Release|Any CPU
		{40ED313C-19B1-42A2-A3C0-4F047C8A49D4}.Release|Any CPU.Build.0 = Release|Any CPU
		{24CFCAD4-B103-42F3-A318-5D2349756169}.Debug|Any CPU.ActiveCfg = Debug|Any CPU
		{24CFCAD4-B103-42F3-A318-5D2349756169}.Debug|Any CPU.Build.0 = Debug|Any CPU
		{24CFCAD4-B103-42F3-A318-5D2349756169}.Release|Any CPU.ActiveCfg = Release|Any CPU
		{24CFCAD4-B103-42F3-A318-5D2349756169}.Release|Any CPU.Build.0 = Release|Any CPU
	EndGlobalSection
	GlobalSection(SolutionProperties) = preSolution
		HideSolutionNode = FALSE
	EndGlobalSection
	GlobalSection(ExtensibilityGlobals) = postSolution
		SolutionGuid = {DAFFBEEF-9004-4922-8616-F6528FB945AE}
	EndGlobalSection
EndGlobal
